
Microsoft Visual Studio Solution File, Format Version 12.00
# Visual Studio Version 16
VisualStudioVersion = 16.0.30204.135
MinimumVisualStudioVersion = 10.0.40219.1
Project("{FAE04EC0-301F-11D3-BF4B-00C04F79EFBC}") = "TRMDataManager", "TRMDataManager\TRMDataManager.csproj", "{871C10BE-2A16-460B-AEBC-928D7B51DF88}"
EndProject
Project("{00D1A9C2-B5F0-4AF3-8072-F6C62B433612}") = "TRMData", "TRMData\TRMData.sqlproj", "{53A3B037-AD28-4A2D-A56E-97C5937DD81F}"
EndProject
Global
	GlobalSection(SolutionConfigurationPlatforms) = preSolution
		Debug|Any CPU = Debug|Any CPU
		Release|Any CPU = Release|Any CPU
	EndGlobalSection
	GlobalSection(ProjectConfigurationPlatforms) = postSolution
		{871C10BE-2A16-460B-AEBC-928D7B51DF88}.Debug|Any CPU.ActiveCfg = Debug|Any CPU
		{871C10BE-2A16-460B-AEBC-928D7B51DF88}.Debug|Any CPU.Build.0 = Debug|Any CPU
		{871C10BE-2A16-460B-AEBC-928D7B51DF88}.Release|Any CPU.ActiveCfg = Release|Any CPU
		{871C10BE-2A16-460B-AEBC-928D7B51DF88}.Release|Any CPU.Build.0 = Release|Any CPU
		{53A3B037-AD28-4A2D-A56E-97C5937DD81F}.Debug|Any CPU.ActiveCfg = Debug|Any CPU
		{53A3B037-AD28-4A2D-A56E-97C5937DD81F}.Debug|Any CPU.Build.0 = Debug|Any CPU
		{53A3B037-AD28-4A2D-A56E-97C5937DD81F}.Debug|Any CPU.Deploy.0 = Debug|Any CPU
		{53A3B037-AD28-4A2D-A56E-97C5937DD81F}.Release|Any CPU.ActiveCfg = Release|Any CPU
		{53A3B037-AD28-4A2D-A56E-97C5937DD81F}.Release|Any CPU.Build.0 = Release|Any CPU
		{53A3B037-AD28-4A2D-A56E-97C5937DD81F}.Release|Any CPU.Deploy.0 = Release|Any CPU
	EndGlobalSection
	GlobalSection(SolutionProperties) = preSolution
		HideSolutionNode = FALSE
	EndGlobalSection
	GlobalSection(ExtensibilityGlobals) = postSolution
		SolutionGuid = {388FAB6E-D6BA-4CFF-A900-EE47CF11F927}
	EndGlobalSection
EndGlobal
